// !$*UTF8*$!
{
	archiveVersion = 1;
	classes = {
	};
	objectVersion = 46;
	objects = {

/* Begin PBXBuildFile section */
		5542BEED1208923300DA804D /* GNUstepBase.framework in Frameworks */ = {isa = PBXBuildFile; fileRef = 559A068D120493A7004BBA32 /* GNUstepBase.framework */; };
		555BA0821235608F00C64C1D /* libz.dylib in Frameworks */ = {isa = PBXBuildFile; fileRef = 555BA0811235608F00C64C1D /* libz.dylib */; };
		555BA0841235609D00C64C1D /* Foundation.framework in Frameworks */ = {isa = PBXBuildFile; fileRef = 555BA0831235609D00C64C1D /* Foundation.framework */; };
		555BA104123560A800C64C1D /* Foundation.framework in Frameworks */ = {isa = PBXBuildFile; fileRef = 555BA0831235609D00C64C1D /* Foundation.framework */; };
		555BA105123560AC00C64C1D /* Foundation.framework in Frameworks */ = {isa = PBXBuildFile; fileRef = 555BA0831235609D00C64C1D /* Foundation.framework */; };
		558311CF133AC8C700A54B19 /* Additions.h in Headers */ = {isa = PBXBuildFile; fileRef = 558311A8133AC8C700A54B19 /* Additions.h */; settings = {ATTRIBUTES = (Public, ); }; };
		558311D1133AC8C700A54B19 /* CXXException.h in Headers */ = {isa = PBXBuildFile; fileRef = 558311AA133AC8C700A54B19 /* CXXException.h */; settings = {ATTRIBUTES = (Public, ); }; };
		558311D2133AC8C700A54B19 /* DistributedObjects.h in Headers */ = {isa = PBXBuildFile; fileRef = 558311AB133AC8C700A54B19 /* DistributedObjects.h */; settings = {ATTRIBUTES = (Public, ); }; };
		558311D3133AC8C700A54B19 /* GCObject.h in Headers */ = {isa = PBXBuildFile; fileRef = 558311AC133AC8C700A54B19 /* GCObject.h */; settings = {ATTRIBUTES = (Public, ); }; };
		558311D4133AC8C700A54B19 /* GNUstep.h in Headers */ = {isa = PBXBuildFile; fileRef = 558311AD133AC8C700A54B19 /* GNUstep.h */; settings = {ATTRIBUTES = (Public, ); }; };
		558311D5133AC8C700A54B19 /* GSBlocks.h in Headers */ = {isa = PBXBuildFile; fileRef = 558311AE133AC8C700A54B19 /* GSBlocks.h */; settings = {ATTRIBUTES = (Public, ); }; };
		558311D8133AC8C700A54B19 /* GSFunctions.h in Headers */ = {isa = PBXBuildFile; fileRef = 558311B1133AC8C700A54B19 /* GSFunctions.h */; settings = {ATTRIBUTES = (Public, ); }; };
		558311D9133AC8C700A54B19 /* GSIArray.h in Headers */ = {isa = PBXBuildFile; fileRef = 558311B2133AC8C700A54B19 /* GSIArray.h */; settings = {ATTRIBUTES = (Public, ); }; };
		558311DA133AC8C700A54B19 /* GSIMap.h in Headers */ = {isa = PBXBuildFile; fileRef = 558311B3133AC8C700A54B19 /* GSIMap.h */; settings = {ATTRIBUTES = (Public, ); }; };
		558311DB133AC8C700A54B19 /* GSLocale.h in Headers */ = {isa = PBXBuildFile; fileRef = 558311B4133AC8C700A54B19 /* GSLocale.h */; settings = {ATTRIBUTES = (Public, ); }; };
		558311DC133AC8C700A54B19 /* GSLock.h in Headers */ = {isa = PBXBuildFile; fileRef = 558311B5133AC8C700A54B19 /* GSLock.h */; settings = {ATTRIBUTES = (Public, ); }; };
		558311DD133AC8C700A54B19 /* GSMime.h in Headers */ = {isa = PBXBuildFile; fileRef = 558311B6133AC8C700A54B19 /* GSMime.h */; settings = {ATTRIBUTES = (Public, ); }; };
		558311DE133AC8C700A54B19 /* GSObjCRuntime.h in Headers */ = {isa = PBXBuildFile; fileRef = 558311B7133AC8C700A54B19 /* GSObjCRuntime.h */; settings = {ATTRIBUTES = (Public, ); }; };
		558311DF133AC8C700A54B19 /* GSUnion.h in Headers */ = {isa = PBXBuildFile; fileRef = 558311B8133AC8C700A54B19 /* GSUnion.h */; settings = {ATTRIBUTES = (Public, ); }; };
		558311E0133AC8C700A54B19 /* GSVersionMacros.h in Headers */ = {isa = PBXBuildFile; fileRef = 558311B9133AC8C700A54B19 /* GSVersionMacros.h */; settings = {ATTRIBUTES = (Public, ); }; };
		558311E1133AC8C700A54B19 /* GSXML.h in Headers */ = {isa = PBXBuildFile; fileRef = 558311BA133AC8C700A54B19 /* GSXML.h */; settings = {ATTRIBUTES = (Public, ); }; };
		558311E2133AC8C700A54B19 /* NSArray+GNUstepBase.h in Headers */ = {isa = PBXBuildFile; fileRef = 558311BB133AC8C700A54B19 /* NSArray+GNUstepBase.h */; settings = {ATTRIBUTES = (Public, ); }; };
		558311E3133AC8C700A54B19 /* NSAttributedString+GNUstepBase.h in Headers */ = {isa = PBXBuildFile; fileRef = 558311BC133AC8C700A54B19 /* NSAttributedString+GNUstepBase.h */; settings = {ATTRIBUTES = (Public, ); }; };
		558311E4133AC8C700A54B19 /* NSBundle+GNUstepBase.h in Headers */ = {isa = PBXBuildFile; fileRef = 558311BD133AC8C700A54B19 /* NSBundle+GNUstepBase.h */; settings = {ATTRIBUTES = (Public, ); }; };
		558311E5133AC8C700A54B19 /* NSCalendarDate+GNUstepBase.h in Headers */ = {isa = PBXBuildFile; fileRef = 558311BE133AC8C700A54B19 /* NSCalendarDate+GNUstepBase.h */; settings = {ATTRIBUTES = (Public, ); }; };
		558311E6133AC8C700A54B19 /* NSData+GNUstepBase.h in Headers */ = {isa = PBXBuildFile; fileRef = 558311BF133AC8C700A54B19 /* NSData+GNUstepBase.h */; settings = {ATTRIBUTES = (Public, ); }; };
		558311E7133AC8C700A54B19 /* NSDebug+GNUstepBase.h in Headers */ = {isa = PBXBuildFile; fileRef = 558311C0133AC8C700A54B19 /* NSDebug+GNUstepBase.h */; settings = {ATTRIBUTES = (Public, ); }; };
		558311E8133AC8C700A54B19 /* NSFileHandle+GNUstepBase.h in Headers */ = {isa = PBXBuildFile; fileRef = 558311C1133AC8C700A54B19 /* NSFileHandle+GNUstepBase.h */; settings = {ATTRIBUTES = (Public, ); }; };
		558311E9133AC8C700A54B19 /* NSLock+GNUstepBase.h in Headers */ = {isa = PBXBuildFile; fileRef = 558311C2133AC8C700A54B19 /* NSLock+GNUstepBase.h */; settings = {ATTRIBUTES = (Public, ); }; };
		558311EA133AC8C700A54B19 /* NSMutableString+GNUstepBase.h in Headers */ = {isa = PBXBuildFile; fileRef = 558311C3133AC8C700A54B19 /* NSMutableString+GNUstepBase.h */; settings = {ATTRIBUTES = (Public, ); }; };
		558311EB133AC8C700A54B19 /* NSNetServices+GNUstepBase.h in Headers */ = {isa = PBXBuildFile; fileRef = 558311C4133AC8C700A54B19 /* NSNetServices+GNUstepBase.h */; settings = {ATTRIBUTES = (Public, ); }; };
		558311EC133AC8C700A54B19 /* NSNumber+GNUstepBase.h in Headers */ = {isa = PBXBuildFile; fileRef = 558311C5133AC8C700A54B19 /* NSNumber+GNUstepBase.h */; settings = {ATTRIBUTES = (Public, ); }; };
		558311ED133AC8C700A54B19 /* NSObject+GNUstepBase.h in Headers */ = {isa = PBXBuildFile; fileRef = 558311C6133AC8C700A54B19 /* NSObject+GNUstepBase.h */; settings = {ATTRIBUTES = (Public, ); }; };
		558311EE133AC8C700A54B19 /* NSProcessInfo+GNUstepBase.h in Headers */ = {isa = PBXBuildFile; fileRef = 558311C7133AC8C700A54B19 /* NSProcessInfo+GNUstepBase.h */; settings = {ATTRIBUTES = (Public, ); }; };
		558311EF133AC8C700A54B19 /* NSStream+GNUstepBase.h in Headers */ = {isa = PBXBuildFile; fileRef = 558311C8133AC8C700A54B19 /* NSStream+GNUstepBase.h */; settings = {ATTRIBUTES = (Public, ); }; };
		558311F0133AC8C700A54B19 /* NSString+GNUstepBase.h in Headers */ = {isa = PBXBuildFile; fileRef = 558311C9133AC8C700A54B19 /* NSString+GNUstepBase.h */; settings = {ATTRIBUTES = (Public, ); }; };
		558311F1133AC8C700A54B19 /* NSTask+GNUstepBase.h in Headers */ = {isa = PBXBuildFile; fileRef = 558311CA133AC8C700A54B19 /* NSTask+GNUstepBase.h */; settings = {ATTRIBUTES = (Public, ); }; };
		558311F2133AC8C700A54B19 /* NSThread+GNUstepBase.h in Headers */ = {isa = PBXBuildFile; fileRef = 558311CB133AC8C700A54B19 /* NSThread+GNUstepBase.h */; settings = {ATTRIBUTES = (Public, ); }; };
		558311F3133AC8C700A54B19 /* NSURL+GNUstepBase.h in Headers */ = {isa = PBXBuildFile; fileRef = 558311CC133AC8C700A54B19 /* NSURL+GNUstepBase.h */; settings = {ATTRIBUTES = (Public, ); }; };
		558311F5133AC8C700A54B19 /* Unicode.h in Headers */ = {isa = PBXBuildFile; fileRef = 558311CE133AC8C700A54B19 /* Unicode.h */; settings = {ATTRIBUTES = (Public, ); }; };
		559A064E120493A7004BBA32 /* config.h in Headers */ = {isa = PBXBuildFile; fileRef = 55F7D7E003E49D7700000001 /* config.h */; };
		559A0660120493A7004BBA32 /* preface.h in Headers */ = {isa = PBXBuildFile; fileRef = 556FFD8A03EC36E500000001 /* preface.h */; settings = {ATTRIBUTES = (Public, ); }; };
		559A0667120493A7004BBA32 /* InfoPlist.strings in Resources */ = {isa = PBXBuildFile; fileRef = 089C1666FE841158C02AAC07 /* InfoPlist.strings */; };
		559A067D120493A7004BBA32 /* Locale.encodings in CopyFiles */ = {isa = PBXBuildFile; fileRef = 55AB58660408D08700000001 /* Locale.encodings */; };
		559A067F120493A7004BBA32 /* gsdoc-0_6_5.dtd in CopyFiles */ = {isa = PBXBuildFile; fileRef = 55AB588F0408DB7200000001 /* gsdoc-0_6_5.dtd */; };
		559A0680120493A7004BBA32 /* gsdoc-0_6_6.dtd in CopyFiles */ = {isa = PBXBuildFile; fileRef = 55AB58900408DB7200000001 /* gsdoc-0_6_6.dtd */; };
		559A0681120493A7004BBA32 /* gsdoc-0_6_7.dtd in CopyFiles */ = {isa = PBXBuildFile; fileRef = 55AB58910408DB7200000001 /* gsdoc-0_6_7.dtd */; };
		559A0682120493A7004BBA32 /* gsdoc-1_0_0.dtd in CopyFiles */ = {isa = PBXBuildFile; fileRef = 55AB58920408DB7200000001 /* gsdoc-1_0_0.dtd */; };
		559A0683120493A7004BBA32 /* plist-0_9.dtd in CopyFiles */ = {isa = PBXBuildFile; fileRef = 55AB58EA0408EA8100000001 /* plist-0_9.dtd */; };
		559A0692120493A7004BBA32 /* AGSHtml.h in Headers */ = {isa = PBXBuildFile; fileRef = 55AB58750408D2DB00000001 /* AGSHtml.h */; };
		559A0693120493A7004BBA32 /* AGSIndex.h in Headers */ = {isa = PBXBuildFile; fileRef = 55AB58770408D2DB00000001 /* AGSIndex.h */; };
		559A0694120493A7004BBA32 /* AGSOutput.h in Headers */ = {isa = PBXBuildFile; fileRef = 55AB58790408D2DB00000001 /* AGSOutput.h */; };
		559A0695120493A7004BBA32 /* AGSParser.h in Headers */ = {isa = PBXBuildFile; fileRef = 55AB587B0408D2DB00000001 /* AGSParser.h */; };
		559A0697120493A7004BBA32 /* AGSHtml.m in Sources */ = {isa = PBXBuildFile; fileRef = 55AB58760408D2DB00000001 /* AGSHtml.m */; };
		559A0698120493A7004BBA32 /* AGSIndex.m in Sources */ = {isa = PBXBuildFile; fileRef = 55AB58780408D2DB00000001 /* AGSIndex.m */; };
		559A0699120493A7004BBA32 /* AGSOutput.m in Sources */ = {isa = PBXBuildFile; fileRef = 55AB587A0408D2DB00000001 /* AGSOutput.m */; };
		559A069A120493A7004BBA32 /* AGSParser.m in Sources */ = {isa = PBXBuildFile; fileRef = 55AB587C0408D2DB00000001 /* AGSParser.m */; };
		559A069B120493A7004BBA32 /* autogsdoc.m in Sources */ = {isa = PBXBuildFile; fileRef = 55AB587D0408D2DB00000001 /* autogsdoc.m */; };
		559A06AE120493A8004BBA32 /* HTMLLinker.m in Sources */ = {isa = PBXBuildFile; fileRef = 554DDE830431106D00000001 /* HTMLLinker.m */; };
		559A077712049FCF004BBA32 /* GCArray.m in Sources */ = {isa = PBXBuildFile; fileRef = 559A075A12049FCF004BBA32 /* GCArray.m */; };
		559A077812049FCF004BBA32 /* GCDictionary.m in Sources */ = {isa = PBXBuildFile; fileRef = 559A075B12049FCF004BBA32 /* GCDictionary.m */; };
		559A077912049FCF004BBA32 /* GCObject.m in Sources */ = {isa = PBXBuildFile; fileRef = 559A075C12049FCF004BBA32 /* GCObject.m */; };
		559A077A12049FCF004BBA32 /* GSFunctions.m in Sources */ = {isa = PBXBuildFile; fileRef = 559A075D12049FCF004BBA32 /* GSFunctions.m */; };
		559A077B12049FCF004BBA32 /* GSInsensitiveDictionary.m in Sources */ = {isa = PBXBuildFile; fileRef = 559A075E12049FCF004BBA32 /* GSInsensitiveDictionary.m */; };
		559A077C12049FCF004BBA32 /* GSLock.m in Sources */ = {isa = PBXBuildFile; fileRef = 559A075F12049FCF004BBA32 /* GSLock.m */; };
		559A077D12049FCF004BBA32 /* GSMime.m in Sources */ = {isa = PBXBuildFile; fileRef = 559A076012049FCF004BBA32 /* GSMime.m */; };
		559A077E12049FCF004BBA32 /* GSObjCRuntime.m in Sources */ = {isa = PBXBuildFile; fileRef = 559A076112049FCF004BBA32 /* GSObjCRuntime.m */; };
		559A077F12049FCF004BBA32 /* GSXML.m in Sources */ = {isa = PBXBuildFile; fileRef = 559A076212049FCF004BBA32 /* GSXML.m */; };
		559A078012049FCF004BBA32 /* NSArray+GNUstepBase.m in Sources */ = {isa = PBXBuildFile; fileRef = 559A076312049FCF004BBA32 /* NSArray+GNUstepBase.m */; };
		559A078112049FCF004BBA32 /* NSAttributedString+GNUstepBase.m in Sources */ = {isa = PBXBuildFile; fileRef = 559A076412049FCF004BBA32 /* NSAttributedString+GNUstepBase.m */; };
		559A078212049FCF004BBA32 /* NSBundle+GNUstepBase.m in Sources */ = {isa = PBXBuildFile; fileRef = 559A076512049FCF004BBA32 /* NSBundle+GNUstepBase.m */; };
		559A078312049FCF004BBA32 /* NSCalendarDate+GNUstepBase.m in Sources */ = {isa = PBXBuildFile; fileRef = 559A076612049FCF004BBA32 /* NSCalendarDate+GNUstepBase.m */; };
		559A078412049FCF004BBA32 /* NSData+GNUstepBase.m in Sources */ = {isa = PBXBuildFile; fileRef = 559A076712049FCF004BBA32 /* NSData+GNUstepBase.m */; };
		559A078512049FCF004BBA32 /* NSDebug+GNUstepBase.m in Sources */ = {isa = PBXBuildFile; fileRef = 559A076812049FCF004BBA32 /* NSDebug+GNUstepBase.m */; };
		559A078712049FCF004BBA32 /* NSFileHandle+GNUstepBase.m in Sources */ = {isa = PBXBuildFile; fileRef = 559A076A12049FCF004BBA32 /* NSFileHandle+GNUstepBase.m */; };
		559A078812049FCF004BBA32 /* NSLock+GNUstepBase.m in Sources */ = {isa = PBXBuildFile; fileRef = 559A076B12049FCF004BBA32 /* NSLock+GNUstepBase.m */; };
		559A078912049FCF004BBA32 /* NSMutableString+GNUstepBase.m in Sources */ = {isa = PBXBuildFile; fileRef = 559A076C12049FCF004BBA32 /* NSMutableString+GNUstepBase.m */; };
		559A078A12049FCF004BBA32 /* NSNumber+GNUstepBase.m in Sources */ = {isa = PBXBuildFile; fileRef = 559A076D12049FCF004BBA32 /* NSNumber+GNUstepBase.m */; };
		559A078B12049FCF004BBA32 /* NSObject+GNUstepBase.m in Sources */ = {isa = PBXBuildFile; fileRef = 559A076E12049FCF004BBA32 /* NSObject+GNUstepBase.m */; };
		559A078C12049FCF004BBA32 /* NSProcessInfo+GNUstepBase.m in Sources */ = {isa = PBXBuildFile; fileRef = 559A076F12049FCF004BBA32 /* NSProcessInfo+GNUstepBase.m */; };
		559A078D12049FCF004BBA32 /* NSPropertyList+GNUstepBase.m in Sources */ = {isa = PBXBuildFile; fileRef = 559A077012049FCF004BBA32 /* NSPropertyList+GNUstepBase.m */; };
		559A078E12049FCF004BBA32 /* NSStream+GNUstepBase.m in Sources */ = {isa = PBXBuildFile; fileRef = 559A077112049FCF004BBA32 /* NSStream+GNUstepBase.m */; };
		559A078F12049FCF004BBA32 /* NSString+GNUstepBase.m in Sources */ = {isa = PBXBuildFile; fileRef = 559A077212049FCF004BBA32 /* NSString+GNUstepBase.m */; };
		559A079012049FCF004BBA32 /* NSTask+GNUstepBase.m in Sources */ = {isa = PBXBuildFile; fileRef = 559A077312049FCF004BBA32 /* NSTask+GNUstepBase.m */; };
		559A079112049FCF004BBA32 /* NSThread+GNUstepBase.m in Sources */ = {isa = PBXBuildFile; fileRef = 559A077412049FCF004BBA32 /* NSThread+GNUstepBase.m */; };
		559A079212049FCF004BBA32 /* NSURL+GNUstepBase.m in Sources */ = {isa = PBXBuildFile; fileRef = 559A077512049FCF004BBA32 /* NSURL+GNUstepBase.m */; };
		559A079312049FCF004BBA32 /* Unicode.m in Sources */ = {isa = PBXBuildFile; fileRef = 559A077612049FCF004BBA32 /* Unicode.m */; };
		559A07991204A018004BBA32 /* GSNetwork.h in Headers */ = {isa = PBXBuildFile; fileRef = 559A07981204A018004BBA32 /* GSNetwork.h */; };
		559A07A41204A092004BBA32 /* GSInternal.h in Headers */ = {isa = PBXBuildFile; fileRef = 559A07A31204A092004BBA32 /* GSInternal.h */; settings = {ATTRIBUTES = (Private, ); }; };
		559A07A61204A0A0004BBA32 /* common.h in Headers */ = {isa = PBXBuildFile; fileRef = 559A07A51204A0A0004BBA32 /* common.h */; };
		559A07E41204A196004BBA32 /* GSConfig.h in Headers */ = {isa = PBXBuildFile; fileRef = 559A07E31204A196004BBA32 /* GSConfig.h */; settings = {ATTRIBUTES = (Public, ); }; };
		559A08131204A228004BBA32 /* libiconv.dylib in Frameworks */ = {isa = PBXBuildFile; fileRef = 559A08121204A228004BBA32 /* libiconv.dylib */; };
		559A08151204A228004BBA32 /* libxml2.dylib in Frameworks */ = {isa = PBXBuildFile; fileRef = 559A08141204A228004BBA32 /* libxml2.dylib */; };
		559A08171204A228004BBA32 /* libxslt.dylib in Frameworks */ = {isa = PBXBuildFile; fileRef = 559A08161204A228004BBA32 /* libxslt.dylib */; };
		559A081E1204A260004BBA32 /* GNUstepBase.framework in Frameworks */ = {isa = PBXBuildFile; fileRef = 559A068D120493A7004BBA32 /* GNUstepBase.framework */; };
		559A09091204A662004BBA32 /* GSPrivate.h in Headers */ = {isa = PBXBuildFile; fileRef = 55E1346E043268A100000002 /* GSPrivate.h */; settings = {ATTRIBUTES = (Private, ); }; };
		55C9D7731218C4DB0038CB6C /* GNUstepBase.h in Headers */ = {isa = PBXBuildFile; fileRef = 55C9D7721218C4DB0038CB6C /* GNUstepBase.h */; settings = {ATTRIBUTES = (Public, ); }; };
		55F81D111527ACAA00241E56 /* gsdoc.gsdoc in CopyFiles */ = {isa = PBXBuildFile; fileRef = 55AB58E80408EA8100000001 /* gsdoc.gsdoc */; };
/* End PBXBuildFile section */

/* Begin PBXContainerItemProxy section */
		5542BEE81208922B00DA804D /* PBXContainerItemProxy */ = {
			isa = PBXContainerItemProxy;
			containerPortal = 0867D690FE84028FC02AAC07 /* Project object */;
			proxyType = 1;
			remoteGlobalIDString = 559A064C120493A7004BBA32;
			remoteInfo = gnustep;
		};
		559A06B8120493A8004BBA32 /* PBXContainerItemProxy */ = {
			isa = PBXContainerItemProxy;
			containerPortal = 0867D690FE84028FC02AAC07 /* Project object */;
			proxyType = 1;
			remoteGlobalIDString = 559A064C120493A7004BBA32;
			remoteInfo = "gnustep (Upgraded)";
		};
/* End PBXContainerItemProxy section */

/* Begin PBXCopyFilesBuildPhase section */
		559A067C120493A7004BBA32 /* CopyFiles */ = {
			isa = PBXCopyFilesBuildPhase;
			buildActionMask = 2147483647;
			dstPath = Languages;
			dstSubfolderSpec = 7;
			files = (
				559A067D120493A7004BBA32 /* Locale.encodings in CopyFiles */,
			);
			runOnlyForDeploymentPostprocessing = 0;
		};
		559A067E120493A7004BBA32 /* CopyFiles */ = {
			isa = PBXCopyFilesBuildPhase;
			buildActionMask = 2147483647;
			dstPath = DTDs;
			dstSubfolderSpec = 7;
			files = (
				559A067F120493A7004BBA32 /* gsdoc-0_6_5.dtd in CopyFiles */,
				559A0680120493A7004BBA32 /* gsdoc-0_6_6.dtd in CopyFiles */,
				559A0681120493A7004BBA32 /* gsdoc-0_6_7.dtd in CopyFiles */,
				559A0682120493A7004BBA32 /* gsdoc-1_0_0.dtd in CopyFiles */,
				559A0683120493A7004BBA32 /* plist-0_9.dtd in CopyFiles */,
			);
			runOnlyForDeploymentPostprocessing = 0;
		};
		559A0684120493A7004BBA32 /* CopyFiles */ = {
			isa = PBXCopyFilesBuildPhase;
			buildActionMask = 2147483647;
			dstPath = DocTemplates;
			dstSubfolderSpec = 7;
			files = (
				55F81D111527ACAA00241E56 /* gsdoc.gsdoc in CopyFiles */,
			);
			runOnlyForDeploymentPostprocessing = 0;
		};
		559A0687120493A7004BBA32 /* CopyFiles */ = {
			isa = PBXCopyFilesBuildPhase;
			buildActionMask = 2147483647;
			dstPath = English.lproj/Documentation;
			dstSubfolderSpec = 7;
			files = (
			);
			runOnlyForDeploymentPostprocessing = 0;
		};
/* End PBXCopyFilesBuildPhase section */

/* Begin PBXFileReference section */
		089C1667FE841158C02AAC07 /* English */ = {isa = PBXFileReference; fileEncoding = 4; lastKnownFileType = text.plist.strings; name = English; path = English.lproj/InfoPlist.strings; sourceTree = "<group>"; };
		554D99291E9037E700E79BFA /* GNUstepBase.modulemap */ = {isa = PBXFileReference; lastKnownFileType = "sourcecode.module-map"; path = GNUstepBase.modulemap; sourceTree = "<group>"; };
		554DDE830431106D00000001 /* HTMLLinker.m */ = {isa = PBXFileReference; fileEncoding = 30; lastKnownFileType = sourcecode.c.objc; path = HTMLLinker.m; sourceTree = "<group>"; };
		554DDE85043110AA00000001 /* HTMLLinker.html */ = {isa = PBXFileReference; fileEncoding = 30; lastKnownFileType = text.html; path = HTMLLinker.html; sourceTree = "<group>"; };
		555BA0811235608F00C64C1D /* libz.dylib */ = {isa = PBXFileReference; lastKnownFileType = "compiled.mach-o.dylib"; name = libz.dylib; path = usr/lib/libz.dylib; sourceTree = SDKROOT; };
		555BA0831235609D00C64C1D /* Foundation.framework */ = {isa = PBXFileReference; lastKnownFileType = wrapper.framework; name = Foundation.framework; path = System/Library/Frameworks/Foundation.framework; sourceTree = SDKROOT; };
		5566CC2804324D9F00000002 /* README */ = {isa = PBXFileReference; fileEncoding = 30; lastKnownFileType = text; name = README; path = ../macosx/README; sourceTree = "<group>"; };
		556FFD8A03EC36E500000001 /* preface.h */ = {isa = PBXFileReference; fileEncoding = 30; lastKnownFileType = sourcecode.c.h; lineEnding = 0; name = preface.h; path = GNUstepBase/preface.h; sourceTree = SOURCE_ROOT; xcLanguageSpecificationIdentifier = xcode.lang.objcpp; };
		558311A8133AC8C700A54B19 /* Additions.h */ = {isa = PBXFileReference; fileEncoding = 4; lastKnownFileType = sourcecode.c.h; name = Additions.h; path = ../Headers/GNUstepBase/Additions.h; sourceTree = SOURCE_ROOT; };
		558311A9133AC8C700A54B19 /* config.h.in */ = {isa = PBXFileReference; fileEncoding = 4; lastKnownFileType = text; lineEnding = 0; name = config.h.in; path = ../Headers/GNUstepBase/config.h.in; sourceTree = SOURCE_ROOT; };
		558311AA133AC8C700A54B19 /* CXXException.h */ = {isa = PBXFileReference; fileEncoding = 4; lastKnownFileType = sourcecode.c.h; name = CXXException.h; path = ../Headers/GNUstepBase/CXXException.h; sourceTree = SOURCE_ROOT; };
		558311AB133AC8C700A54B19 /* DistributedObjects.h */ = {isa = PBXFileReference; fileEncoding = 4; lastKnownFileType = sourcecode.c.h; lineEnding = 0; name = DistributedObjects.h; path = ../Headers/GNUstepBase/DistributedObjects.h; sourceTree = SOURCE_ROOT; xcLanguageSpecificationIdentifier = xcode.lang.objcpp; };
		558311AC133AC8C700A54B19 /* GCObject.h */ = {isa = PBXFileReference; fileEncoding = 4; lastKnownFileType = sourcecode.c.h; lineEnding = 0; name = GCObject.h; path = ../Headers/GNUstepBase/GCObject.h; sourceTree = SOURCE_ROOT; xcLanguageSpecificationIdentifier = xcode.lang.objcpp; };
		558311AD133AC8C700A54B19 /* GNUstep.h */ = {isa = PBXFileReference; fileEncoding = 4; lastKnownFileType = sourcecode.c.h; lineEnding = 0; name = GNUstep.h; path = ../Headers/GNUstepBase/GNUstep.h; sourceTree = SOURCE_ROOT; xcLanguageSpecificationIdentifier = xcode.lang.objcpp; };
		558311AE133AC8C700A54B19 /* GSBlocks.h */ = {isa = PBXFileReference; fileEncoding = 4; lastKnownFileType = sourcecode.c.h; name = GSBlocks.h; path = ../Headers/GNUstepBase/GSBlocks.h; sourceTree = SOURCE_ROOT; };
		558311AF133AC8C700A54B19 /* GSConfig.h.in */ = {isa = PBXFileReference; fileEncoding = 4; lastKnownFileType = text; lineEnding = 0; name = GSConfig.h.in; path = ../Headers/GNUstepBase/GSConfig.h.in; sourceTree = SOURCE_ROOT; };
		558311B1133AC8C700A54B19 /* GSFunctions.h */ = {isa = PBXFileReference; fileEncoding = 4; lastKnownFileType = sourcecode.c.h; name = GSFunctions.h; path = ../Headers/GNUstepBase/GSFunctions.h; sourceTree = SOURCE_ROOT; };
		558311B2133AC8C700A54B19 /* GSIArray.h */ = {isa = PBXFileReference; fileEncoding = 4; lastKnownFileType = sourcecode.c.h; lineEnding = 0; name = GSIArray.h; path = ../Headers/GNUstepBase/GSIArray.h; sourceTree = SOURCE_ROOT; xcLanguageSpecificationIdentifier = xcode.lang.objcpp; };
		558311B3133AC8C700A54B19 /* GSIMap.h */ = {isa = PBXFileReference; fileEncoding = 4; lastKnownFileType = sourcecode.c.h; lineEnding = 0; name = GSIMap.h; path = ../Headers/GNUstepBase/GSIMap.h; sourceTree = SOURCE_ROOT; xcLanguageSpecificationIdentifier = xcode.lang.objcpp; };
		558311B4133AC8C700A54B19 /* GSLocale.h */ = {isa = PBXFileReference; fileEncoding = 4; lastKnownFileType = sourcecode.c.h; name = GSLocale.h; path = ../Headers/GNUstepBase/GSLocale.h; sourceTree = SOURCE_ROOT; };
		558311B5133AC8C700A54B19 /* GSLock.h */ = {isa = PBXFileReference; fileEncoding = 4; lastKnownFileType = sourcecode.c.h; name = GSLock.h; path = ../Headers/GNUstepBase/GSLock.h; sourceTree = SOURCE_ROOT; };
		558311B6133AC8C700A54B19 /* GSMime.h */ = {isa = PBXFileReference; fileEncoding = 4; lastKnownFileType = sourcecode.c.h; lineEnding = 0; name = GSMime.h; path = ../Headers/GNUstepBase/GSMime.h; sourceTree = SOURCE_ROOT; xcLanguageSpecificationIdentifier = xcode.lang.objcpp; };
		558311B7133AC8C700A54B19 /* GSObjCRuntime.h */ = {isa = PBXFileReference; fileEncoding = 4; lastKnownFileType = sourcecode.c.h; lineEnding = 0; name = GSObjCRuntime.h; path = ../Headers/GNUstepBase/GSObjCRuntime.h; sourceTree = SOURCE_ROOT; xcLanguageSpecificationIdentifier = xcode.lang.objcpp; };
		558311B8133AC8C700A54B19 /* GSUnion.h */ = {isa = PBXFileReference; fileEncoding = 4; lastKnownFileType = sourcecode.c.h; name = GSUnion.h; path = ../Headers/GNUstepBase/GSUnion.h; sourceTree = SOURCE_ROOT; };
		558311B9133AC8C700A54B19 /* GSVersionMacros.h */ = {isa = PBXFileReference; fileEncoding = 4; lastKnownFileType = sourcecode.c.h; name = GSVersionMacros.h; path = ../Headers/GNUstepBase/GSVersionMacros.h; sourceTree = SOURCE_ROOT; };
		558311BA133AC8C700A54B19 /* GSXML.h */ = {isa = PBXFileReference; fileEncoding = 4; lastKnownFileType = sourcecode.c.h; name = GSXML.h; path = ../Headers/GNUstepBase/GSXML.h; sourceTree = SOURCE_ROOT; };
		558311BB133AC8C700A54B19 /* NSArray+GNUstepBase.h */ = {isa = PBXFileReference; fileEncoding = 4; lastKnownFileType = sourcecode.c.h; name = "NSArray+GNUstepBase.h"; path = "../Headers/GNUstepBase/NSArray+GNUstepBase.h"; sourceTree = SOURCE_ROOT; };
		558311BC133AC8C700A54B19 /* NSAttributedString+GNUstepBase.h */ = {isa = PBXFileReference; fileEncoding = 4; lastKnownFileType = sourcecode.c.h; name = "NSAttributedString+GNUstepBase.h"; path = "../Headers/GNUstepBase/NSAttributedString+GNUstepBase.h"; sourceTree = SOURCE_ROOT; };
		558311BD133AC8C700A54B19 /* NSBundle+GNUstepBase.h */ = {isa = PBXFileReference; fileEncoding = 4; lastKnownFileType = sourcecode.c.h; name = "NSBundle+GNUstepBase.h"; path = "../Headers/GNUstepBase/NSBundle+GNUstepBase.h"; sourceTree = SOURCE_ROOT; };
		558311BE133AC8C700A54B19 /* NSCalendarDate+GNUstepBase.h */ = {isa = PBXFileReference; fileEncoding = 4; lastKnownFileType = sourcecode.c.h; name = "NSCalendarDate+GNUstepBase.h"; path = "../Headers/GNUstepBase/NSCalendarDate+GNUstepBase.h"; sourceTree = SOURCE_ROOT; };
		558311BF133AC8C700A54B19 /* NSData+GNUstepBase.h */ = {isa = PBXFileReference; fileEncoding = 4; lastKnownFileType = sourcecode.c.h; name = "NSData+GNUstepBase.h"; path = "../Headers/GNUstepBase/NSData+GNUstepBase.h"; sourceTree = SOURCE_ROOT; };
		558311C0133AC8C700A54B19 /* NSDebug+GNUstepBase.h */ = {isa = PBXFileReference; fileEncoding = 4; lastKnownFileType = sourcecode.c.h; name = "NSDebug+GNUstepBase.h"; path = "../Headers/GNUstepBase/NSDebug+GNUstepBase.h"; sourceTree = SOURCE_ROOT; };
		558311C1133AC8C700A54B19 /* NSFileHandle+GNUstepBase.h */ = {isa = PBXFileReference; fileEncoding = 4; lastKnownFileType = sourcecode.c.h; name = "NSFileHandle+GNUstepBase.h"; path = "../Headers/GNUstepBase/NSFileHandle+GNUstepBase.h"; sourceTree = SOURCE_ROOT; usesTabs = 0; };
		558311C2133AC8C700A54B19 /* NSLock+GNUstepBase.h */ = {isa = PBXFileReference; fileEncoding = 4; lastKnownFileType = sourcecode.c.h; name = "NSLock+GNUstepBase.h"; path = "../Headers/GNUstepBase/NSLock+GNUstepBase.h"; sourceTree = SOURCE_ROOT; };
		558311C3133AC8C700A54B19 /* NSMutableString+GNUstepBase.h */ = {isa = PBXFileReference; fileEncoding = 4; lastKnownFileType = sourcecode.c.h; name = "NSMutableString+GNUstepBase.h"; path = "../Headers/GNUstepBase/NSMutableString+GNUstepBase.h"; sourceTree = SOURCE_ROOT; };
		558311C4133AC8C700A54B19 /* NSNetServices+GNUstepBase.h */ = {isa = PBXFileReference; fileEncoding = 4; lastKnownFileType = sourcecode.c.h; name = "NSNetServices+GNUstepBase.h"; path = "../Headers/GNUstepBase/NSNetServices+GNUstepBase.h"; sourceTree = SOURCE_ROOT; };
		558311C5133AC8C700A54B19 /* NSNumber+GNUstepBase.h */ = {isa = PBXFileReference; fileEncoding = 4; lastKnownFileType = sourcecode.c.h; lineEnding = 0; name = "NSNumber+GNUstepBase.h"; path = "../Headers/GNUstepBase/NSNumber+GNUstepBase.h"; sourceTree = SOURCE_ROOT; xcLanguageSpecificationIdentifier = xcode.lang.objcpp; };
		558311C6133AC8C700A54B19 /* NSObject+GNUstepBase.h */ = {isa = PBXFileReference; fileEncoding = 4; lastKnownFileType = sourcecode.c.h; name = "NSObject+GNUstepBase.h"; path = "../Headers/GNUstepBase/NSObject+GNUstepBase.h"; sourceTree = SOURCE_ROOT; };
		558311C7133AC8C700A54B19 /* NSProcessInfo+GNUstepBase.h */ = {isa = PBXFileReference; fileEncoding = 4; lastKnownFileType = sourcecode.c.h; name = "NSProcessInfo+GNUstepBase.h"; path = "../Headers/GNUstepBase/NSProcessInfo+GNUstepBase.h"; sourceTree = SOURCE_ROOT; };
		558311C8133AC8C700A54B19 /* NSStream+GNUstepBase.h */ = {isa = PBXFileReference; fileEncoding = 4; lastKnownFileType = sourcecode.c.h; name = "NSStream+GNUstepBase.h"; path = "../Headers/GNUstepBase/NSStream+GNUstepBase.h"; sourceTree = SOURCE_ROOT; };
		558311C9133AC8C700A54B19 /* NSString+GNUstepBase.h */ = {isa = PBXFileReference; fileEncoding = 4; lastKnownFileType = sourcecode.c.h; name = "NSString+GNUstepBase.h"; path = "../Headers/GNUstepBase/NSString+GNUstepBase.h"; sourceTree = SOURCE_ROOT; };
		558311CA133AC8C700A54B19 /* NSTask+GNUstepBase.h */ = {isa = PBXFileReference; fileEncoding = 4; lastKnownFileType = sourcecode.c.h; name = "NSTask+GNUstepBase.h"; path = "../Headers/GNUstepBase/NSTask+GNUstepBase.h"; sourceTree = SOURCE_ROOT; };
		558311CB133AC8C700A54B19 /* NSThread+GNUstepBase.h */ = {isa = PBXFileReference; fileEncoding = 4; lastKnownFileType = sourcecode.c.h; name = "NSThread+GNUstepBase.h"; path = "../Headers/GNUstepBase/NSThread+GNUstepBase.h"; sourceTree = SOURCE_ROOT; };
		558311CC133AC8C700A54B19 /* NSURL+GNUstepBase.h */ = {isa = PBXFileReference; fileEncoding = 4; lastKnownFileType = sourcecode.c.h; name = "NSURL+GNUstepBase.h"; path = "../Headers/GNUstepBase/NSURL+GNUstepBase.h"; sourceTree = SOURCE_ROOT; };
		558311CE133AC8C700A54B19 /* Unicode.h */ = {isa = PBXFileReference; fileEncoding = 4; lastKnownFileType = sourcecode.c.h; lineEnding = 0; name = Unicode.h; path = ../Headers/GNUstepBase/Unicode.h; sourceTree = SOURCE_ROOT; xcLanguageSpecificationIdentifier = xcode.lang.objcpp; };
		559A068C120493A7004BBA32 /* Info-gnustep__Upgraded_.plist */ = {isa = PBXFileReference; lastKnownFileType = text.plist.xml; path = "Info-gnustep__Upgraded_.plist"; sourceTree = "<group>"; };
		559A068D120493A7004BBA32 /* GNUstepBase.framework */ = {isa = PBXFileReference; explicitFileType = wrapper.framework; includeInIndex = 0; path = GNUstepBase.framework; sourceTree = BUILT_PRODUCTS_DIR; };
		559A06A7120493A7004BBA32 /* autogsdoc */ = {isa = PBXFileReference; explicitFileType = "compiled.mach-o.executable"; includeInIndex = 0; path = autogsdoc; sourceTree = BUILT_PRODUCTS_DIR; };
		559A06B6120493A8004BBA32 /* HTMLLinker */ = {isa = PBXFileReference; explicitFileType = "compiled.mach-o.executable"; includeInIndex = 0; path = HTMLLinker; sourceTree = BUILT_PRODUCTS_DIR; };
		559A075A12049FCF004BBA32 /* GCArray.m */ = {isa = PBXFileReference; fileEncoding = 4; lastKnownFileType = sourcecode.c.objc; path = GCArray.m; sourceTree = "<group>"; };
		559A075B12049FCF004BBA32 /* GCDictionary.m */ = {isa = PBXFileReference; fileEncoding = 4; lastKnownFileType = sourcecode.c.objc; lineEnding = 0; path = GCDictionary.m; sourceTree = "<group>"; xcLanguageSpecificationIdentifier = xcode.lang.objc; };
		559A075C12049FCF004BBA32 /* GCObject.m */ = {isa = PBXFileReference; fileEncoding = 4; lastKnownFileType = sourcecode.c.objc; path = GCObject.m; sourceTree = "<group>"; };
		559A075D12049FCF004BBA32 /* GSFunctions.m */ = {isa = PBXFileReference; fileEncoding = 4; lastKnownFileType = sourcecode.c.objc; path = GSFunctions.m; sourceTree = "<group>"; };
		559A075E12049FCF004BBA32 /* GSInsensitiveDictionary.m */ = {isa = PBXFileReference; fileEncoding = 4; lastKnownFileType = sourcecode.c.objc; path = GSInsensitiveDictionary.m; sourceTree = "<group>"; };
		559A075F12049FCF004BBA32 /* GSLock.m */ = {isa = PBXFileReference; fileEncoding = 4; lastKnownFileType = sourcecode.c.objc; path = GSLock.m; sourceTree = "<group>"; };
		559A076012049FCF004BBA32 /* GSMime.m */ = {isa = PBXFileReference; fileEncoding = 4; lastKnownFileType = sourcecode.c.objc; lineEnding = 0; path = GSMime.m; sourceTree = "<group>"; xcLanguageSpecificationIdentifier = xcode.lang.objc; };
		559A076112049FCF004BBA32 /* GSObjCRuntime.m */ = {isa = PBXFileReference; fileEncoding = 4; lastKnownFileType = sourcecode.c.objc; lineEnding = 0; path = GSObjCRuntime.m; sourceTree = "<group>"; xcLanguageSpecificationIdentifier = xcode.lang.objc; };
		559A076212049FCF004BBA32 /* GSXML.m */ = {isa = PBXFileReference; fileEncoding = 4; lastKnownFileType = sourcecode.c.objc; lineEnding = 0; path = GSXML.m; sourceTree = "<group>"; xcLanguageSpecificationIdentifier = xcode.lang.objc; };
		559A076312049FCF004BBA32 /* NSArray+GNUstepBase.m */ = {isa = PBXFileReference; fileEncoding = 4; lastKnownFileType = sourcecode.c.objc; path = "NSArray+GNUstepBase.m"; sourceTree = "<group>"; };
		559A076412049FCF004BBA32 /* NSAttributedString+GNUstepBase.m */ = {isa = PBXFileReference; fileEncoding = 4; lastKnownFileType = sourcecode.c.objc; path = "NSAttributedString+GNUstepBase.m"; sourceTree = "<group>"; };
		559A076512049FCF004BBA32 /* NSBundle+GNUstepBase.m */ = {isa = PBXFileReference; fileEncoding = 4; lastKnownFileType = sourcecode.c.objc; path = "NSBundle+GNUstepBase.m"; sourceTree = "<group>"; };
		559A076612049FCF004BBA32 /* NSCalendarDate+GNUstepBase.m */ = {isa = PBXFileReference; fileEncoding = 4; lastKnownFileType = sourcecode.c.objc; path = "NSCalendarDate+GNUstepBase.m"; sourceTree = "<group>"; };
		559A076712049FCF004BBA32 /* NSData+GNUstepBase.m */ = {isa = PBXFileReference; fileEncoding = 4; lastKnownFileType = sourcecode.c.objc; lineEnding = 0; path = "NSData+GNUstepBase.m"; sourceTree = "<group>"; xcLanguageSpecificationIdentifier = xcode.lang.objc; };
		559A076812049FCF004BBA32 /* NSDebug+GNUstepBase.m */ = {isa = PBXFileReference; fileEncoding = 4; lastKnownFileType = sourcecode.c.objc; path = "NSDebug+GNUstepBase.m"; sourceTree = "<group>"; };
		559A076912049FCF004BBA32 /* NSError+GNUstepBase.m */ = {isa = PBXFileReference; fileEncoding = 4; lastKnownFileType = sourcecode.c.objc; path = "NSError+GNUstepBase.m"; sourceTree = "<group>"; };
		559A076A12049FCF004BBA32 /* NSFileHandle+GNUstepBase.m */ = {isa = PBXFileReference; fileEncoding = 4; lastKnownFileType = sourcecode.c.objc; path = "NSFileHandle+GNUstepBase.m"; sourceTree = "<group>"; };
		559A076B12049FCF004BBA32 /* NSLock+GNUstepBase.m */ = {isa = PBXFileReference; fileEncoding = 4; lastKnownFileType = sourcecode.c.objc; path = "NSLock+GNUstepBase.m"; sourceTree = "<group>"; };
		559A076C12049FCF004BBA32 /* NSMutableString+GNUstepBase.m */ = {isa = PBXFileReference; fileEncoding = 4; lastKnownFileType = sourcecode.c.objc; lineEnding = 0; path = "NSMutableString+GNUstepBase.m"; sourceTree = "<group>"; xcLanguageSpecificationIdentifier = xcode.lang.objc; };
		559A076D12049FCF004BBA32 /* NSNumber+GNUstepBase.m */ = {isa = PBXFileReference; fileEncoding = 4; lastKnownFileType = sourcecode.c.objc; path = "NSNumber+GNUstepBase.m"; sourceTree = "<group>"; };
		559A076E12049FCF004BBA32 /* NSObject+GNUstepBase.m */ = {isa = PBXFileReference; fileEncoding = 4; lastKnownFileType = sourcecode.c.objc; path = "NSObject+GNUstepBase.m"; sourceTree = "<group>"; };
		559A076F12049FCF004BBA32 /* NSProcessInfo+GNUstepBase.m */ = {isa = PBXFileReference; fileEncoding = 4; lastKnownFileType = sourcecode.c.objc; path = "NSProcessInfo+GNUstepBase.m"; sourceTree = "<group>"; };
		559A077012049FCF004BBA32 /* NSPropertyList+GNUstepBase.m */ = {isa = PBXFileReference; fileEncoding = 4; lastKnownFileType = sourcecode.c.objc; lineEnding = 0; path = "NSPropertyList+GNUstepBase.m"; sourceTree = "<group>"; xcLanguageSpecificationIdentifier = xcode.lang.objc; };
		559A077112049FCF004BBA32 /* NSStream+GNUstepBase.m */ = {isa = PBXFileReference; fileEncoding = 4; lastKnownFileType = sourcecode.c.objc; path = "NSStream+GNUstepBase.m"; sourceTree = "<group>"; };
		559A077212049FCF004BBA32 /* NSString+GNUstepBase.m */ = {isa = PBXFileReference; fileEncoding = 4; lastKnownFileType = sourcecode.c.objc; lineEnding = 0; path = "NSString+GNUstepBase.m"; sourceTree = "<group>"; xcLanguageSpecificationIdentifier = xcode.lang.objc; };
		559A077312049FCF004BBA32 /* NSTask+GNUstepBase.m */ = {isa = PBXFileReference; fileEncoding = 4; lastKnownFileType = sourcecode.c.objc; path = "NSTask+GNUstepBase.m"; sourceTree = "<group>"; };
		559A077412049FCF004BBA32 /* NSThread+GNUstepBase.m */ = {isa = PBXFileReference; fileEncoding = 4; lastKnownFileType = sourcecode.c.objc; path = "NSThread+GNUstepBase.m"; sourceTree = "<group>"; };
		559A077512049FCF004BBA32 /* NSURL+GNUstepBase.m */ = {isa = PBXFileReference; fileEncoding = 4; lastKnownFileType = sourcecode.c.objc; path = "NSURL+GNUstepBase.m"; sourceTree = "<group>"; };
		559A077612049FCF004BBA32 /* Unicode.m */ = {isa = PBXFileReference; fileEncoding = 4; lastKnownFileType = sourcecode.c.objc; lineEnding = 0; path = Unicode.m; sourceTree = "<group>"; xcLanguageSpecificationIdentifier = xcode.lang.objc; };
		559A07981204A018004BBA32 /* GSNetwork.h */ = {isa = PBXFileReference; fileEncoding = 4; lastKnownFileType = sourcecode.c.h; lineEnding = 0; name = GSNetwork.h; path = ../Source/GSNetwork.h; sourceTree = SOURCE_ROOT; xcLanguageSpecificationIdentifier = xcode.lang.objcpp; };
		559A07A31204A092004BBA32 /* GSInternal.h */ = {isa = PBXFileReference; fileEncoding = 4; lastKnownFileType = sourcecode.c.h; name = GSInternal.h; path = ../Source/GSInternal.h; sourceTree = SOURCE_ROOT; };
		559A07A51204A0A0004BBA32 /* common.h */ = {isa = PBXFileReference; fileEncoding = 4; lastKnownFileType = sourcecode.c.h; name = common.h; path = ../Source/common.h; sourceTree = SOURCE_ROOT; };
		559A07E31204A196004BBA32 /* GSConfig.h */ = {isa = PBXFileReference; fileEncoding = 4; lastKnownFileType = sourcecode.c.h; lineEnding = 0; name = GSConfig.h; path = GNUstepBase/GSConfig.h; sourceTree = SOURCE_ROOT; xcLanguageSpecificationIdentifier = xcode.lang.objcpp; };
		559A08121204A228004BBA32 /* libiconv.dylib */ = {isa = PBXFileReference; lastKnownFileType = "compiled.mach-o.dylib"; name = libiconv.dylib; path = usr/lib/libiconv.dylib; sourceTree = SDKROOT; };
		559A08141204A228004BBA32 /* libxml2.dylib */ = {isa = PBXFileReference; lastKnownFileType = "compiled.mach-o.dylib"; name = libxml2.dylib; path = usr/lib/libxml2.dylib; sourceTree = SDKROOT; };
		559A08161204A228004BBA32 /* libxslt.dylib */ = {isa = PBXFileReference; lastKnownFileType = "compiled.mach-o.dylib"; name = libxslt.dylib; path = usr/lib/libxslt.dylib; sourceTree = SDKROOT; };
		55AB58660408D08700000001 /* Locale.encodings */ = {isa = PBXFileReference; fileEncoding = 30; lastKnownFileType = text; path = Locale.encodings; sourceTree = "<group>"; };
		55AB58750408D2DB00000001 /* AGSHtml.h */ = {isa = PBXFileReference; fileEncoding = 30; lastKnownFileType = sourcecode.c.h; path = AGSHtml.h; sourceTree = "<group>"; };
		55AB58760408D2DB00000001 /* AGSHtml.m */ = {isa = PBXFileReference; fileEncoding = 4; indentWidth = 2; lastKnownFileType = sourcecode.c.objc; path = AGSHtml.m; sourceTree = "<group>"; usesTabs = 0; };
		55AB58770408D2DB00000001 /* AGSIndex.h */ = {isa = PBXFileReference; fileEncoding = 30; lastKnownFileType = sourcecode.c.h; path = AGSIndex.h; sourceTree = "<group>"; };
		55AB58780408D2DB00000001 /* AGSIndex.m */ = {isa = PBXFileReference; fileEncoding = 30; lastKnownFileType = sourcecode.c.objc; path = AGSIndex.m; sourceTree = "<group>"; };
		55AB58790408D2DB00000001 /* AGSOutput.h */ = {isa = PBXFileReference; fileEncoding = 30; lastKnownFileType = sourcecode.c.h; path = AGSOutput.h; sourceTree = "<group>"; };
		55AB587A0408D2DB00000001 /* AGSOutput.m */ = {isa = PBXFileReference; fileEncoding = 30; indentWidth = 2; lastKnownFileType = sourcecode.c.objc; lineEnding = 0; path = AGSOutput.m; sourceTree = "<group>"; usesTabs = 0; xcLanguageSpecificationIdentifier = xcode.lang.objc; };
		55AB587B0408D2DB00000001 /* AGSParser.h */ = {isa = PBXFileReference; fileEncoding = 30; lastKnownFileType = sourcecode.c.h; path = AGSParser.h; sourceTree = "<group>"; };
		55AB587C0408D2DB00000001 /* AGSParser.m */ = {isa = PBXFileReference; fileEncoding = 30; indentWidth = 2; lastKnownFileType = sourcecode.c.objc; lineEnding = 0; path = AGSParser.m; sourceTree = "<group>"; usesTabs = 0; xcLanguageSpecificationIdentifier = xcode.lang.objc; };
		55AB587D0408D2DB00000001 /* autogsdoc.m */ = {isa = PBXFileReference; fileEncoding = 4; indentWidth = 2; lastKnownFileType = sourcecode.c.objc; lineEnding = 0; path = autogsdoc.m; sourceTree = "<group>"; usesTabs = 1; xcLanguageSpecificationIdentifier = xcode.lang.objc; };
		55AB588F0408DB7200000001 /* gsdoc-0_6_5.dtd */ = {isa = PBXFileReference; fileEncoding = 30; lastKnownFileType = text.plist.xml; name = "gsdoc-0_6_5.dtd"; path = "../Tools/gsdoc-0_6_5.dtd"; sourceTree = "<group>"; };
		55AB58900408DB7200000001 /* gsdoc-0_6_6.dtd */ = {isa = PBXFileReference; fileEncoding = 30; lastKnownFileType = text.plist.xml; name = "gsdoc-0_6_6.dtd"; path = "../Tools/gsdoc-0_6_6.dtd"; sourceTree = "<group>"; };
		55AB58910408DB7200000001 /* gsdoc-0_6_7.dtd */ = {isa = PBXFileReference; fileEncoding = 30; lastKnownFileType = text.plist.xml; name = "gsdoc-0_6_7.dtd"; path = "../Tools/gsdoc-0_6_7.dtd"; sourceTree = "<group>"; };
		55AB58920408DB7200000001 /* gsdoc-1_0_0.dtd */ = {isa = PBXFileReference; fileEncoding = 30; lastKnownFileType = text.plist.xml; name = "gsdoc-1_0_0.dtd"; path = "../Tools/gsdoc-1_0_0.dtd"; sourceTree = "<group>"; };
		55AB58E60408EA8100000001 /* AutoDocTemplate.gsdoc */ = {isa = PBXFileReference; fileEncoding = 30; lastKnownFileType = text.plist.xml; name = AutoDocTemplate.gsdoc; path = ../Tools/AutoDocTemplate.gsdoc; sourceTree = "<group>"; };
		55AB58E70408EA8100000001 /* gnustep.gsdoc */ = {isa = PBXFileReference; fileEncoding = 30; lastKnownFileType = text.plist.xml; name = gnustep.gsdoc; path = ../Tools/gnustep.gsdoc; sourceTree = "<group>"; };
		55AB58E80408EA8100000001 /* gsdoc.gsdoc */ = {isa = PBXFileReference; fileEncoding = 30; lastKnownFileType = text.plist.xml; name = gsdoc.gsdoc; path = ../Tools/gsdoc.gsdoc; sourceTree = "<group>"; };
		55AB58E90408EA8100000001 /* indextemplate.gsdoc */ = {isa = PBXFileReference; fileEncoding = 30; lastKnownFileType = text.plist.xml; name = indextemplate.gsdoc; path = ../Tools/indextemplate.gsdoc; sourceTree = "<group>"; };
		55AB58EA0408EA8100000001 /* plist-0_9.dtd */ = {isa = PBXFileReference; fileEncoding = 30; lastKnownFileType = text.plist.xml; name = "plist-0_9.dtd"; path = "../Tools/plist-0_9.dtd"; sourceTree = "<group>"; };
		55C9D7721218C4DB0038CB6C /* GNUstepBase.h */ = {isa = PBXFileReference; fileEncoding = 4; lastKnownFileType = sourcecode.c.h; name = GNUstepBase.h; path = GNUstepBase/GNUstepBase.h; sourceTree = SOURCE_ROOT; };
		55E1346E043268A100000002 /* GSPrivate.h */ = {isa = PBXFileReference; fileEncoding = 30; lastKnownFileType = sourcecode.c.h; lineEnding = 0; name = GSPrivate.h; path = ../Source/GSPrivate.h; sourceTree = "<group>"; xcLanguageSpecificationIdentifier = xcode.lang.objcpp; };
		55F7D7D803E49C1000000001 /* ANNOUNCE */ = {isa = PBXFileReference; fileEncoding = 30; lastKnownFileType = text; name = ANNOUNCE; path = ../ANNOUNCE; sourceTree = "<group>"; };
		55F7D7DA03E49C1000000001 /* ChangeLog */ = {isa = PBXFileReference; fileEncoding = 4; lastKnownFileType = text; lineEnding = 0; name = ChangeLog; path = ../ChangeLog; sourceTree = "<group>"; };
		55F7D7DB03E49C1000000001 /* COPYING */ = {isa = PBXFileReference; fileEncoding = 30; lastKnownFileType = text; name = COPYING; path = ../COPYING; sourceTree = "<group>"; };
		55F7D7DC03E49C1000000001 /* COPYING.LIB */ = {isa = PBXFileReference; fileEncoding = 30; lastKnownFileType = text; name = COPYING.LIB; path = ../COPYING.LIB; sourceTree = "<group>"; };
		55F7D7DD03E49C1000000001 /* INSTALL */ = {isa = PBXFileReference; fileEncoding = 30; lastKnownFileType = text; name = INSTALL; path = ../INSTALL; sourceTree = "<group>"; };
		55F7D7DE03E49C1000000001 /* NEWS */ = {isa = PBXFileReference; fileEncoding = 30; lastKnownFileType = text; name = NEWS; path = ../NEWS; sourceTree = "<group>"; };
		55F7D7DF03E49C1000000001 /* README */ = {isa = PBXFileReference; fileEncoding = 30; lastKnownFileType = text; name = README; path = ../README; sourceTree = "<group>"; };
		55F7D7E003E49D7700000001 /* config.h */ = {isa = PBXFileReference; fileEncoding = 30; lastKnownFileType = sourcecode.c.h; path = config.h; sourceTree = SOURCE_ROOT; };
/* End PBXFileReference section */

/* Begin PBXFrameworksBuildPhase section */
		559A0676120493A7004BBA32 /* Frameworks */ = {
			isa = PBXFrameworksBuildPhase;
			buildActionMask = 2147483647;
			files = (
				559A08131204A228004BBA32 /* libiconv.dylib in Frameworks */,
				559A08151204A228004BBA32 /* libxml2.dylib in Frameworks */,
				559A08171204A228004BBA32 /* libxslt.dylib in Frameworks */,
				555BA0821235608F00C64C1D /* libz.dylib in Frameworks */,
				555BA0841235609D00C64C1D /* Foundation.framework in Frameworks */,
			);
			runOnlyForDeploymentPostprocessing = 0;
		};
		559A069C120493A7004BBA32 /* Frameworks */ = {
			isa = PBXFrameworksBuildPhase;
			buildActionMask = 2147483647;
			files = (
				559A081E1204A260004BBA32 /* GNUstepBase.framework in Frameworks */,
				555BA104123560A800C64C1D /* Foundation.framework in Frameworks */,
			);
			runOnlyForDeploymentPostprocessing = 0;
		};
		559A06AF120493A8004BBA32 /* Frameworks */ = {
			isa = PBXFrameworksBuildPhase;
			buildActionMask = 2147483647;
			files = (
				5542BEED1208923300DA804D /* GNUstepBase.framework in Frameworks */,
				555BA105123560AC00C64C1D /* Foundation.framework in Frameworks */,
			);
			runOnlyForDeploymentPostprocessing = 0;
		};
/* End PBXFrameworksBuildPhase section */

/* Begin PBXGroup section */
		034768DFFF38A50411DB9C8B /* Products */ = {
			isa = PBXGroup;
			children = (
				559A068D120493A7004BBA32 /* GNUstepBase.framework */,
				559A06A7120493A7004BBA32 /* autogsdoc */,
				559A06B6120493A8004BBA32 /* HTMLLinker */,
			);
			name = Products;
			sourceTree = "<group>";
		};
		0867D691FE84028FC02AAC07 /* gnustep */ = {
			isa = PBXGroup;
			children = (
				5566CC2804324D9F00000002 /* README */,
				5566CC2904324DA700000002 /* Documentation */,
				556FFDF103EC37C700000001 /* Headers */,
				08FB77AEFE84172EC02AAC07 /* Source */,
				32C88DFF0371C24200C91783 /* Other Sources */,
				089C1665FE841158C02AAC07 /* Resources */,
				554DDE790430F9DB00000001 /* Tools */,
				0867D69AFE84028FC02AAC07 /* Frameworks */,
				034768DFFF38A50411DB9C8B /* Products */,
				559A068C120493A7004BBA32 /* Info-gnustep__Upgraded_.plist */,
			);
			name = gnustep;
			sourceTree = "<group>";
			usesTabs = 0;
		};
		0867D69AFE84028FC02AAC07 /* Frameworks */ = {
			isa = PBXGroup;
			children = (
				555BA0831235609D00C64C1D /* Foundation.framework */,
				555BA0811235608F00C64C1D /* libz.dylib */,
				559A08121204A228004BBA32 /* libiconv.dylib */,
				559A08141204A228004BBA32 /* libxml2.dylib */,
				559A08161204A228004BBA32 /* libxslt.dylib */,
				1058C7B2FEA5585E11CA2CBB /* Other Frameworks */,
			);
			name = Frameworks;
			sourceTree = "<group>";
		};
		089C1665FE841158C02AAC07 /* Resources */ = {
			isa = PBXGroup;
			children = (
				554D99291E9037E700E79BFA /* GNUstepBase.modulemap */,
				55AB58E50408EA4D00000001 /* DocTemplates */,
				55AB588D0408D85E00000001 /* DTDs */,
				089C1666FE841158C02AAC07 /* InfoPlist.strings */,
				55AB585B0408D08700000001 /* Languages */,
			);
			name = Resources;
			sourceTree = "<group>";
		};
		08FB77AEFE84172EC02AAC07 /* Source */ = {
			isa = PBXGroup;
			children = (
				55FBAA821B93D08400A513B7 /* Additions */,
			);
			name = Source;
			path = ../Source;
			sourceTree = SOURCE_ROOT;
		};
		1058C7B2FEA5585E11CA2CBB /* Other Frameworks */ = {
			isa = PBXGroup;
			children = (
			);
			name = "Other Frameworks";
			sourceTree = "<group>";
		};
		32C88DFF0371C24200C91783 /* Other Sources */ = {
			isa = PBXGroup;
			children = (
				55F7D7E003E49D7700000001 /* config.h */,
				55E1346E043268A100000002 /* GSPrivate.h */,
			);
			name = "Other Sources";
			sourceTree = "<group>";
		};
		554DDE790430F9DB00000001 /* Tools */ = {
			isa = PBXGroup;
			children = (
				55AB58740408D2A800000001 /* autogsdoc */,
				554DDE820431104D00000001 /* HTMLLinker */,
			);
			name = Tools;
			path = ../Tools;
			sourceTree = "<group>";
		};
		554DDE820431104D00000001 /* HTMLLinker */ = {
			isa = PBXGroup;
			children = (
				554DDE85043110AA00000001 /* HTMLLinker.html */,
				554DDE830431106D00000001 /* HTMLLinker.m */,
			);
			name = HTMLLinker;
			sourceTree = "<group>";
		};
		5566CC2904324DA700000002 /* Documentation */ = {
			isa = PBXGroup;
			children = (
				55F7D7D803E49C1000000001 /* ANNOUNCE */,
				55F7D7DA03E49C1000000001 /* ChangeLog */,
				55F7D7DB03E49C1000000001 /* COPYING */,
				55F7D7DC03E49C1000000001 /* COPYING.LIB */,
				55F7D7DD03E49C1000000001 /* INSTALL */,
				55F7D7DE03E49C1000000001 /* NEWS */,
				55F7D7DF03E49C1000000001 /* README */,
			);
			name = Documentation;
			path = ../Documentation;
			sourceTree = SOURCE_ROOT;
		};
		556FFD2E03EC36E500000001 /* GNUstepBase */ = {
			isa = PBXGroup;
			children = (
				558311A8133AC8C700A54B19 /* Additions.h */,
				558311A9133AC8C700A54B19 /* config.h.in */,
				558311AA133AC8C700A54B19 /* CXXException.h */,
				558311AB133AC8C700A54B19 /* DistributedObjects.h */,
				558311AC133AC8C700A54B19 /* GCObject.h */,
				558311AD133AC8C700A54B19 /* GNUstep.h */,
				558311AE133AC8C700A54B19 /* GSBlocks.h */,
				558311AF133AC8C700A54B19 /* GSConfig.h.in */,
				558311B1133AC8C700A54B19 /* GSFunctions.h */,
				558311B2133AC8C700A54B19 /* GSIArray.h */,
				558311B3133AC8C700A54B19 /* GSIMap.h */,
				558311B4133AC8C700A54B19 /* GSLocale.h */,
				558311B5133AC8C700A54B19 /* GSLock.h */,
				558311B6133AC8C700A54B19 /* GSMime.h */,
				558311B7133AC8C700A54B19 /* GSObjCRuntime.h */,
				558311B8133AC8C700A54B19 /* GSUnion.h */,
				558311B9133AC8C700A54B19 /* GSVersionMacros.h */,
				558311BA133AC8C700A54B19 /* GSXML.h */,
				558311BB133AC8C700A54B19 /* NSArray+GNUstepBase.h */,
				558311BC133AC8C700A54B19 /* NSAttributedString+GNUstepBase.h */,
				558311BD133AC8C700A54B19 /* NSBundle+GNUstepBase.h */,
				558311BE133AC8C700A54B19 /* NSCalendarDate+GNUstepBase.h */,
				558311BF133AC8C700A54B19 /* NSData+GNUstepBase.h */,
				558311C0133AC8C700A54B19 /* NSDebug+GNUstepBase.h */,
				558311C1133AC8C700A54B19 /* NSFileHandle+GNUstepBase.h */,
				558311C2133AC8C700A54B19 /* NSLock+GNUstepBase.h */,
				558311C3133AC8C700A54B19 /* NSMutableString+GNUstepBase.h */,
				558311C4133AC8C700A54B19 /* NSNetServices+GNUstepBase.h */,
				558311C5133AC8C700A54B19 /* NSNumber+GNUstepBase.h */,
				558311C6133AC8C700A54B19 /* NSObject+GNUstepBase.h */,
				558311C7133AC8C700A54B19 /* NSProcessInfo+GNUstepBase.h */,
				558311C8133AC8C700A54B19 /* NSStream+GNUstepBase.h */,
				558311C9133AC8C700A54B19 /* NSString+GNUstepBase.h */,
				558311CA133AC8C700A54B19 /* NSTask+GNUstepBase.h */,
				558311CB133AC8C700A54B19 /* NSThread+GNUstepBase.h */,
				558311CC133AC8C700A54B19 /* NSURL+GNUstepBase.h */,
				558311CE133AC8C700A54B19 /* Unicode.h */,
				55C9D7721218C4DB0038CB6C /* GNUstepBase.h */,
				559A07E31204A196004BBA32 /* GSConfig.h */,
				556FFD8A03EC36E500000001 /* preface.h */,
			);
			name = GNUstepBase;
			path = Additions/GNUstepBase;
			sourceTree = "<group>";
		};
		556FFDF103EC37C700000001 /* Headers */ = {
			isa = PBXGroup;
			children = (
				559A07A51204A0A0004BBA32 /* common.h */,
				559A07A31204A092004BBA32 /* GSInternal.h */,
				559A07981204A018004BBA32 /* GSNetwork.h */,
				556FFD2E03EC36E500000001 /* GNUstepBase */,
			);
			name = Headers;
			path = ../Headers;
			sourceTree = SOURCE_ROOT;
		};
		55AB585B0408D08700000001 /* Languages */ = {
			isa = PBXGroup;
			children = (
				55AB58660408D08700000001 /* Locale.encodings */,
			);
			name = Languages;
			path = ../Resources/Languages;
			sourceTree = "<group>";
		};
		55AB58740408D2A800000001 /* autogsdoc */ = {
			isa = PBXGroup;
			children = (
				55AB58750408D2DB00000001 /* AGSHtml.h */,
				55AB58760408D2DB00000001 /* AGSHtml.m */,
				55AB58770408D2DB00000001 /* AGSIndex.h */,
				55AB58780408D2DB00000001 /* AGSIndex.m */,
				55AB58790408D2DB00000001 /* AGSOutput.h */,
				55AB587A0408D2DB00000001 /* AGSOutput.m */,
				55AB587B0408D2DB00000001 /* AGSParser.h */,
				55AB587C0408D2DB00000001 /* AGSParser.m */,
				55AB587D0408D2DB00000001 /* autogsdoc.m */,
			);
			name = autogsdoc;
			sourceTree = "<group>";
		};
		55AB588D0408D85E00000001 /* DTDs */ = {
			isa = PBXGroup;
			children = (
				55AB588F0408DB7200000001 /* gsdoc-0_6_5.dtd */,
				55AB58900408DB7200000001 /* gsdoc-0_6_6.dtd */,
				55AB58910408DB7200000001 /* gsdoc-0_6_7.dtd */,
				55AB58920408DB7200000001 /* gsdoc-1_0_0.dtd */,
				55AB58EA0408EA8100000001 /* plist-0_9.dtd */,
			);
			name = DTDs;
			sourceTree = "<group>";
		};
		55AB58E50408EA4D00000001 /* DocTemplates */ = {
			isa = PBXGroup;
			children = (
				55AB58E60408EA8100000001 /* AutoDocTemplate.gsdoc */,
				55AB58E70408EA8100000001 /* gnustep.gsdoc */,
				55AB58E80408EA8100000001 /* gsdoc.gsdoc */,
				55AB58E90408EA8100000001 /* indextemplate.gsdoc */,
			);
			name = DocTemplates;
			sourceTree = "<group>";
		};
		55FBAA821B93D08400A513B7 /* Additions */ = {
			isa = PBXGroup;
			children = (
				559A075A12049FCF004BBA32 /* GCArray.m */,
				559A075B12049FCF004BBA32 /* GCDictionary.m */,
				559A075C12049FCF004BBA32 /* GCObject.m */,
				559A075D12049FCF004BBA32 /* GSFunctions.m */,
				559A075E12049FCF004BBA32 /* GSInsensitiveDictionary.m */,
				559A075F12049FCF004BBA32 /* GSLock.m */,
				559A076012049FCF004BBA32 /* GSMime.m */,
				559A076112049FCF004BBA32 /* GSObjCRuntime.m */,
				559A076212049FCF004BBA32 /* GSXML.m */,
				559A076312049FCF004BBA32 /* NSArray+GNUstepBase.m */,
				559A076412049FCF004BBA32 /* NSAttributedString+GNUstepBase.m */,
				559A076512049FCF004BBA32 /* NSBundle+GNUstepBase.m */,
				559A076612049FCF004BBA32 /* NSCalendarDate+GNUstepBase.m */,
				559A076712049FCF004BBA32 /* NSData+GNUstepBase.m */,
				559A076812049FCF004BBA32 /* NSDebug+GNUstepBase.m */,
				559A076912049FCF004BBA32 /* NSError+GNUstepBase.m */,
				559A076A12049FCF004BBA32 /* NSFileHandle+GNUstepBase.m */,
				559A076B12049FCF004BBA32 /* NSLock+GNUstepBase.m */,
				559A076C12049FCF004BBA32 /* NSMutableString+GNUstepBase.m */,
				559A076D12049FCF004BBA32 /* NSNumber+GNUstepBase.m */,
				559A076E12049FCF004BBA32 /* NSObject+GNUstepBase.m */,
				559A076F12049FCF004BBA32 /* NSProcessInfo+GNUstepBase.m */,
				559A077012049FCF004BBA32 /* NSPropertyList+GNUstepBase.m */,
				559A077112049FCF004BBA32 /* NSStream+GNUstepBase.m */,
				559A077212049FCF004BBA32 /* NSString+GNUstepBase.m */,
				559A077312049FCF004BBA32 /* NSTask+GNUstepBase.m */,
				559A077412049FCF004BBA32 /* NSThread+GNUstepBase.m */,
				559A077512049FCF004BBA32 /* NSURL+GNUstepBase.m */,
				559A077612049FCF004BBA32 /* Unicode.m */,
			);
			path = Additions;
			sourceTree = "<group>";
		};
/* End PBXGroup section */

/* Begin PBXHeadersBuildPhase section */
		559A064D120493A7004BBA32 /* Headers */ = {
			isa = PBXHeadersBuildPhase;
			buildActionMask = 2147483647;
			files = (
				559A064E120493A7004BBA32 /* config.h in Headers */,
				559A0660120493A7004BBA32 /* preface.h in Headers */,
				559A07991204A018004BBA32 /* GSNetwork.h in Headers */,
				559A07A41204A092004BBA32 /* GSInternal.h in Headers */,
				559A07A61204A0A0004BBA32 /* common.h in Headers */,
				559A07E41204A196004BBA32 /* GSConfig.h in Headers */,
				559A09091204A662004BBA32 /* GSPrivate.h in Headers */,
				55C9D7731218C4DB0038CB6C /* GNUstepBase.h in Headers */,
				558311CF133AC8C700A54B19 /* Additions.h in Headers */,
				558311D1133AC8C700A54B19 /* CXXException.h in Headers */,
				558311D2133AC8C700A54B19 /* DistributedObjects.h in Headers */,
				558311D3133AC8C700A54B19 /* GCObject.h in Headers */,
				558311D4133AC8C700A54B19 /* GNUstep.h in Headers */,
				558311D5133AC8C700A54B19 /* GSBlocks.h in Headers */,
				558311D8133AC8C700A54B19 /* GSFunctions.h in Headers */,
				558311D9133AC8C700A54B19 /* GSIArray.h in Headers */,
				558311DA133AC8C700A54B19 /* GSIMap.h in Headers */,
				558311DB133AC8C700A54B19 /* GSLocale.h in Headers */,
				558311DC133AC8C700A54B19 /* GSLock.h in Headers */,
				558311DD133AC8C700A54B19 /* GSMime.h in Headers */,
				558311DE133AC8C700A54B19 /* GSObjCRuntime.h in Headers */,
				558311DF133AC8C700A54B19 /* GSUnion.h in Headers */,
				558311E0133AC8C700A54B19 /* GSVersionMacros.h in Headers */,
				558311E1133AC8C700A54B19 /* GSXML.h in Headers */,
				558311E2133AC8C700A54B19 /* NSArray+GNUstepBase.h in Headers */,
				558311E3133AC8C700A54B19 /* NSAttributedString+GNUstepBase.h in Headers */,
				558311E4133AC8C700A54B19 /* NSBundle+GNUstepBase.h in Headers */,
				558311E5133AC8C700A54B19 /* NSCalendarDate+GNUstepBase.h in Headers */,
				558311E6133AC8C700A54B19 /* NSData+GNUstepBase.h in Headers */,
				558311E7133AC8C700A54B19 /* NSDebug+GNUstepBase.h in Headers */,
				558311E8133AC8C700A54B19 /* NSFileHandle+GNUstepBase.h in Headers */,
				558311E9133AC8C700A54B19 /* NSLock+GNUstepBase.h in Headers */,
				558311EA133AC8C700A54B19 /* NSMutableString+GNUstepBase.h in Headers */,
				558311EB133AC8C700A54B19 /* NSNetServices+GNUstepBase.h in Headers */,
				558311EC133AC8C700A54B19 /* NSNumber+GNUstepBase.h in Headers */,
				558311ED133AC8C700A54B19 /* NSObject+GNUstepBase.h in Headers */,
				558311EE133AC8C700A54B19 /* NSProcessInfo+GNUstepBase.h in Headers */,
				558311EF133AC8C700A54B19 /* NSStream+GNUstepBase.h in Headers */,
				558311F0133AC8C700A54B19 /* NSString+GNUstepBase.h in Headers */,
				558311F1133AC8C700A54B19 /* NSTask+GNUstepBase.h in Headers */,
				558311F2133AC8C700A54B19 /* NSThread+GNUstepBase.h in Headers */,
				558311F3133AC8C700A54B19 /* NSURL+GNUstepBase.h in Headers */,
				558311F5133AC8C700A54B19 /* Unicode.h in Headers */,
			);
			runOnlyForDeploymentPostprocessing = 0;
		};
		559A0691120493A7004BBA32 /* Headers */ = {
			isa = PBXHeadersBuildPhase;
			buildActionMask = 2147483647;
			files = (
				559A0692120493A7004BBA32 /* AGSHtml.h in Headers */,
				559A0693120493A7004BBA32 /* AGSIndex.h in Headers */,
				559A0694120493A7004BBA32 /* AGSOutput.h in Headers */,
				559A0695120493A7004BBA32 /* AGSParser.h in Headers */,
			);
			runOnlyForDeploymentPostprocessing = 0;
		};
		559A06AC120493A8004BBA32 /* Headers */ = {
			isa = PBXHeadersBuildPhase;
			buildActionMask = 2147483647;
			files = (
			);
			runOnlyForDeploymentPostprocessing = 0;
		};
/* End PBXHeadersBuildPhase section */

/* Begin PBXNativeTarget section */
		559A064C120493A7004BBA32 /* gnustep */ = {
			isa = PBXNativeTarget;
			buildConfigurationList = 559A0688120493A7004BBA32 /* Build configuration list for PBXNativeTarget "gnustep" */;
			buildPhases = (
				559A064D120493A7004BBA32 /* Headers */,
				559A0666120493A7004BBA32 /* Resources */,
				559A0668120493A7004BBA32 /* Sources */,
				559A0676120493A7004BBA32 /* Frameworks */,
				559A067C120493A7004BBA32 /* CopyFiles */,
				559A067E120493A7004BBA32 /* CopyFiles */,
				559A0684120493A7004BBA32 /* CopyFiles */,
				559A0687120493A7004BBA32 /* CopyFiles */,
			);
			buildRules = (
			);
			dependencies = (
			);
			name = gnustep;
			productInstallPath = "$(LOCAL_LIBRARY_DIR)/Frameworks";
			productName = gnustep;
			productReference = 559A068D120493A7004BBA32 /* GNUstepBase.framework */;
			productType = "com.apple.product-type.framework";
		};
		559A068E120493A7004BBA32 /* autogsdoc */ = {
			isa = PBXNativeTarget;
			buildConfigurationList = 559A06A3120493A7004BBA32 /* Build configuration list for PBXNativeTarget "autogsdoc" */;
			buildPhases = (
				559A0691120493A7004BBA32 /* Headers */,
				559A0696120493A7004BBA32 /* Sources */,
				559A069C120493A7004BBA32 /* Frameworks */,
			);
			buildRules = (
			);
			dependencies = (
				559A06B9120493A8004BBA32 /* PBXTargetDependency */,
			);
			name = autogsdoc;
			productInstallPath = /usr/local/bin;
			productName = autogsdoc;
			productReference = 559A06A7120493A7004BBA32 /* autogsdoc */;
			productType = "com.apple.product-type.tool";
		};
		559A06A9120493A8004BBA32 /* HTMLLinker */ = {
			isa = PBXNativeTarget;
			buildConfigurationList = 559A06B2120493A8004BBA32 /* Build configuration list for PBXNativeTarget "HTMLLinker" */;
			buildPhases = (
				559A06AC120493A8004BBA32 /* Headers */,
				559A06AD120493A8004BBA32 /* Sources */,
				559A06AF120493A8004BBA32 /* Frameworks */,
			);
			buildRules = (
			);
			dependencies = (
				5542BEE91208922B00DA804D /* PBXTargetDependency */,
			);
			name = HTMLLinker;
			productInstallPath = /usr/local/bin;
			productName = HTMLLinker;
			productReference = 559A06B6120493A8004BBA32 /* HTMLLinker */;
			productType = "com.apple.product-type.tool";
		};
/* End PBXNativeTarget section */

/* Begin PBXProject section */
		0867D690FE84028FC02AAC07 /* Project object */ = {
			isa = PBXProject;
			attributes = {
				LastUpgradeCheck = 0700;
			};
			buildConfigurationList = 559A064412049387004BBA32 /* Build configuration list for PBXProject "gnustep" */;
			compatibilityVersion = "Xcode 3.2";
			developmentRegion = English;
			hasScannedForEncodings = 1;
			knownRegions = (
				English,
				Japanese,
				French,
				German,
			);
			mainGroup = 0867D691FE84028FC02AAC07 /* gnustep */;
			productRefGroup = 034768DFFF38A50411DB9C8B /* Products */;
			projectDirPath = "";
			projectRoot = "";
			targets = (
				559A064C120493A7004BBA32 /* gnustep */,
				559A068E120493A7004BBA32 /* autogsdoc */,
				559A06A9120493A8004BBA32 /* HTMLLinker */,
			);
		};
/* End PBXProject section */

/* Begin PBXResourcesBuildPhase section */
		559A0666120493A7004BBA32 /* Resources */ = {
			isa = PBXResourcesBuildPhase;
			buildActionMask = 2147483647;
			files = (
				559A0667120493A7004BBA32 /* InfoPlist.strings in Resources */,
			);
			runOnlyForDeploymentPostprocessing = 0;
		};
/* End PBXResourcesBuildPhase section */

/* Begin PBXSourcesBuildPhase section */
		559A0668120493A7004BBA32 /* Sources */ = {
			isa = PBXSourcesBuildPhase;
			buildActionMask = 2147483647;
			files = (
				559A077712049FCF004BBA32 /* GCArray.m in Sources */,
				559A077812049FCF004BBA32 /* GCDictionary.m in Sources */,
				559A077912049FCF004BBA32 /* GCObject.m in Sources */,
				559A077A12049FCF004BBA32 /* GSFunctions.m in Sources */,
				559A077B12049FCF004BBA32 /* GSInsensitiveDictionary.m in Sources */,
				559A077C12049FCF004BBA32 /* GSLock.m in Sources */,
				559A077D12049FCF004BBA32 /* GSMime.m in Sources */,
				559A077E12049FCF004BBA32 /* GSObjCRuntime.m in Sources */,
				559A077F12049FCF004BBA32 /* GSXML.m in Sources */,
				559A078012049FCF004BBA32 /* NSArray+GNUstepBase.m in Sources */,
				559A078112049FCF004BBA32 /* NSAttributedString+GNUstepBase.m in Sources */,
				559A078212049FCF004BBA32 /* NSBundle+GNUstepBase.m in Sources */,
				559A078312049FCF004BBA32 /* NSCalendarDate+GNUstepBase.m in Sources */,
				559A078412049FCF004BBA32 /* NSData+GNUstepBase.m in Sources */,
				559A078512049FCF004BBA32 /* NSDebug+GNUstepBase.m in Sources */,
				559A078712049FCF004BBA32 /* NSFileHandle+GNUstepBase.m in Sources */,
				559A078812049FCF004BBA32 /* NSLock+GNUstepBase.m in Sources */,
				559A078912049FCF004BBA32 /* NSMutableString+GNUstepBase.m in Sources */,
				559A078A12049FCF004BBA32 /* NSNumber+GNUstepBase.m in Sources */,
				559A078B12049FCF004BBA32 /* NSObject+GNUstepBase.m in Sources */,
				559A078C12049FCF004BBA32 /* NSProcessInfo+GNUstepBase.m in Sources */,
				559A078D12049FCF004BBA32 /* NSPropertyList+GNUstepBase.m in Sources */,
				559A078E12049FCF004BBA32 /* NSStream+GNUstepBase.m in Sources */,
				559A078F12049FCF004BBA32 /* NSString+GNUstepBase.m in Sources */,
				559A079012049FCF004BBA32 /* NSTask+GNUstepBase.m in Sources */,
				559A079112049FCF004BBA32 /* NSThread+GNUstepBase.m in Sources */,
				559A079212049FCF004BBA32 /* NSURL+GNUstepBase.m in Sources */,
				559A079312049FCF004BBA32 /* Unicode.m in Sources */,
			);
			runOnlyForDeploymentPostprocessing = 0;
		};
		559A0696120493A7004BBA32 /* Sources */ = {
			isa = PBXSourcesBuildPhase;
			buildActionMask = 2147483647;
			files = (
				559A0697120493A7004BBA32 /* AGSHtml.m in Sources */,
				559A0698120493A7004BBA32 /* AGSIndex.m in Sources */,
				559A0699120493A7004BBA32 /* AGSOutput.m in Sources */,
				559A069A120493A7004BBA32 /* AGSParser.m in Sources */,
				559A069B120493A7004BBA32 /* autogsdoc.m in Sources */,
			);
			runOnlyForDeploymentPostprocessing = 0;
		};
		559A06AD120493A8004BBA32 /* Sources */ = {
			isa = PBXSourcesBuildPhase;
			buildActionMask = 2147483647;
			files = (
				559A06AE120493A8004BBA32 /* HTMLLinker.m in Sources */,
			);
			runOnlyForDeploymentPostprocessing = 0;
		};
/* End PBXSourcesBuildPhase section */

/* Begin PBXTargetDependency section */
		5542BEE91208922B00DA804D /* PBXTargetDependency */ = {
			isa = PBXTargetDependency;
			target = 559A064C120493A7004BBA32 /* gnustep */;
			targetProxy = 5542BEE81208922B00DA804D /* PBXContainerItemProxy */;
		};
		559A06B9120493A8004BBA32 /* PBXTargetDependency */ = {
			isa = PBXTargetDependency;
			target = 559A064C120493A7004BBA32 /* gnustep */;
			targetProxy = 559A06B8120493A8004BBA32 /* PBXContainerItemProxy */;
		};
/* End PBXTargetDependency section */

/* Begin PBXVariantGroup section */
		089C1666FE841158C02AAC07 /* InfoPlist.strings */ = {
			isa = PBXVariantGroup;
			children = (
				089C1667FE841158C02AAC07 /* English */,
			);
			name = InfoPlist.strings;
			sourceTree = "<group>";
		};
/* End PBXVariantGroup section */

/* Begin XCBuildConfiguration section */
		559A06301204937D004BBA32 /* Debug */ = {
			isa = XCBuildConfiguration;
			buildSettings = {
				ALWAYS_SEARCH_USER_PATHS = NO;
				CLANG_WARN_BOOL_CONVERSION = YES;
				CLANG_WARN_CONSTANT_CONVERSION = YES;
				CLANG_WARN_EMPTY_BODY = YES;
				CLANG_WARN_ENUM_CONVERSION = YES;
				CLANG_WARN_INT_CONVERSION = YES;
				CLANG_WARN_UNREACHABLE_CODE = YES;
				CLANG_WARN__DUPLICATE_METHOD_MATCH = YES;
				DEBUG_INFORMATION_FORMAT = dwarf;
				ENABLE_STRICT_OBJC_MSGSEND = YES;
				ENABLE_TESTABILITY = YES;
				GCC_NO_COMMON_BLOCKS = YES;
				GCC_OPTIMIZATION_LEVEL = 0;
				GCC_VERSION = com.apple.compilers.llvm.clang.1_0;
				GCC_WARN_64_TO_32_BIT_CONVERSION = YES;
				GCC_WARN_ABOUT_RETURN_TYPE = YES;
				GCC_WARN_UNDECLARED_SELECTOR = YES;
				GCC_WARN_UNINITIALIZED_AUTOS = YES;
				GCC_WARN_UNUSED_FUNCTION = YES;
				GCC_WARN_UNUSED_VARIABLE = YES;
				MACOSX_DEPLOYMENT_TARGET = 10.7;
				ONLY_ACTIVE_ARCH = YES;
				SDKROOT = macosx;
				STRIP_INSTALLED_PRODUCT = NO;
			};
			name = Debug;
		};
		559A06311204937D004BBA32 /* Release */ = {
			isa = XCBuildConfiguration;
			buildSettings = {
				ALWAYS_SEARCH_USER_PATHS = NO;
				CLANG_WARN_BOOL_CONVERSION = YES;
				CLANG_WARN_CONSTANT_CONVERSION = YES;
				CLANG_WARN_EMPTY_BODY = YES;
				CLANG_WARN_ENUM_CONVERSION = YES;
				CLANG_WARN_INT_CONVERSION = YES;
				CLANG_WARN_UNREACHABLE_CODE = YES;
				CLANG_WARN__DUPLICATE_METHOD_MATCH = YES;
				DEBUG_INFORMATION_FORMAT = "dwarf-with-dsym";
				ENABLE_STRICT_OBJC_MSGSEND = YES;
				GCC_NO_COMMON_BLOCKS = YES;
				GCC_VERSION = com.apple.compilers.llvm.clang.1_0;
				GCC_WARN_64_TO_32_BIT_CONVERSION = YES;
				GCC_WARN_ABOUT_RETURN_TYPE = YES;
				GCC_WARN_UNDECLARED_SELECTOR = YES;
				GCC_WARN_UNINITIALIZED_AUTOS = YES;
				GCC_WARN_UNUSED_FUNCTION = YES;
				GCC_WARN_UNUSED_VARIABLE = YES;
				MACOSX_DEPLOYMENT_TARGET = 10.7;
				SDKROOT = macosx;
			};
			name = Release;
		};
		559A0689120493A7004BBA32 /* Debug */ = {
			isa = XCBuildConfiguration;
			buildSettings = {
				CLANG_ENABLE_MODULES = YES;
				COMBINE_HIDPI_IMAGES = YES;
				COPY_PHASE_STRIP = NO;
				DEFINES_MODULE = YES;
				DYLIB_COMPATIBILITY_VERSION = 1;
				DYLIB_CURRENT_VERSION = 1.21.1;
				ENABLE_STRICT_OBJC_MSGSEND = NO;
				FRAMEWORK_VERSION = A;
				GCC_DYNAMIC_NO_PIC = NO;
				GCC_GENERATE_DEBUGGING_SYMBOLS = YES;
				GCC_OPTIMIZATION_LEVEL = 0;
				GCC_PRECOMPILE_PREFIX_HEADER = YES;
				GCC_PREFIX_HEADER = config.h;
				GCC_PREPROCESSOR_DEFINITIONS = GNUSTEP_BASE_INTERNAL;
				GCC_SYMBOLS_PRIVATE_EXTERN = NO;
				HEADER_SEARCH_PATHS = (
					/usr/include/libxml2,
					.,
				);
				INFOPLIST_FILE = "Info-gnustep__Upgraded_.plist";
				INSTALL_PATH = "$(LOCAL_LIBRARY_DIR)/Frameworks";
				MODULEMAP_FILE = GNUstepBase.modulemap;
				OTHER_LDFLAGS = (
					"-seg1addr",
					0x58000000,
					"-headerpad_max_install_names",
				);
				PRODUCT_NAME = GNUstepBase;
				WRAPPER_EXTENSION = framework;
				ZERO_LINK = YES;
			};
			name = Debug;
		};
		559A068A120493A7004BBA32 /* Release */ = {
			isa = XCBuildConfiguration;
			buildSettings = {
				CLANG_ENABLE_MODULES = YES;
				COMBINE_HIDPI_IMAGES = YES;
				COPY_PHASE_STRIP = YES;
				DEFINES_MODULE = YES;
				DYLIB_COMPATIBILITY_VERSION = 1;
				DYLIB_CURRENT_VERSION = 1.21.1;
				ENABLE_STRICT_OBJC_MSGSEND = NO;
				FRAMEWORK_VERSION = A;
				GCC_PRECOMPILE_PREFIX_HEADER = YES;
				GCC_PREFIX_HEADER = config.h;
				GCC_PREPROCESSOR_DEFINITIONS = GNUSTEP_BASE_INTERNAL;
				GCC_SYMBOLS_PRIVATE_EXTERN = NO;
				HEADER_SEARCH_PATHS = (
					/usr/include/libxml2,
					.,
				);
				INFOPLIST_FILE = "Info-gnustep__Upgraded_.plist";
				INSTALL_PATH = "$(LOCAL_LIBRARY_DIR)/Frameworks";
				MODULEMAP_FILE = GNUstepBase.modulemap;
				OTHER_LDFLAGS = (
					"-seg1addr",
					0x58000000,
					"-headerpad_max_install_names",
				);
				PRODUCT_NAME = GNUstepBase;
				WRAPPER_EXTENSION = framework;
				ZERO_LINK = NO;
			};
			name = Release;
		};
		559A06A4120493A7004BBA32 /* Debug */ = {
			isa = XCBuildConfiguration;
			buildSettings = {
				ARCHS = "$(ARCHS_STANDARD_64_BIT)";
				CLANG_ENABLE_OBJC_ARC = YES;
				COPY_PHASE_STRIP = NO;
				GCC_DYNAMIC_NO_PIC = NO;
				GCC_GENERATE_DEBUGGING_SYMBOLS = YES;
				GCC_OPTIMIZATION_LEVEL = 0;
				GCC_PRECOMPILE_PREFIX_HEADER = YES;
				GCC_PREFIX_HEADER = config.h;
				INSTALL_PATH = /usr/local/bin;
				OTHER_CFLAGS = "";
				PRODUCT_NAME = autogsdoc;
			};
			name = Debug;
		};
		559A06A5120493A7004BBA32 /* Release */ = {
			isa = XCBuildConfiguration;
			buildSettings = {
				ARCHS = "$(ARCHS_STANDARD_64_BIT)";
				CLANG_ENABLE_OBJC_ARC = YES;
				COPY_PHASE_STRIP = YES;
				GCC_PRECOMPILE_PREFIX_HEADER = YES;
				GCC_PREFIX_HEADER = config.h;
				INSTALL_PATH = /usr/local/bin;
				OTHER_CFLAGS = "";
				PRODUCT_NAME = autogsdoc;
			};
			name = Release;
		};
		559A06B3120493A8004BBA32 /* Debug */ = {
			isa = XCBuildConfiguration;
			buildSettings = {
				COPY_PHASE_STRIP = NO;
				GCC_DYNAMIC_NO_PIC = NO;
				GCC_GENERATE_DEBUGGING_SYMBOLS = YES;
				GCC_OPTIMIZATION_LEVEL = 0;
				GCC_PRECOMPILE_PREFIX_HEADER = YES;
				GCC_PREFIX_HEADER = config.h;
				INSTALL_PATH = /usr/local/bin;
				OTHER_CFLAGS = "";
				PRODUCT_NAME = HTMLLinker;
				ZERO_LINK = YES;
			};
			name = Debug;
		};
		559A06B4120493A8004BBA32 /* Release */ = {
			isa = XCBuildConfiguration;
			buildSettings = {
				COPY_PHASE_STRIP = YES;
				GCC_PRECOMPILE_PREFIX_HEADER = YES;
				GCC_PREFIX_HEADER = config.h;
				INSTALL_PATH = /usr/local/bin;
				OTHER_CFLAGS = "";
				PRODUCT_NAME = HTMLLinker;
				ZERO_LINK = NO;
			};
			name = Release;
		};
/* End XCBuildConfiguration section */

/* Begin XCConfigurationList section */
		559A064412049387004BBA32 /* Build configuration list for PBXProject "gnustep" */ = {
			isa = XCConfigurationList;
			buildConfigurations = (
				559A06301204937D004BBA32 /* Debug */,
				559A06311204937D004BBA32 /* Release */,
			);
			defaultConfigurationIsVisible = 0;
			defaultConfigurationName = Release;
		};
		559A0688120493A7004BBA32 /* Build configuration list for PBXNativeTarget "gnustep" */ = {
			isa = XCConfigurationList;
			buildConfigurations = (
				559A0689120493A7004BBA32 /* Debug */,
				559A068A120493A7004BBA32 /* Release */,
			);
			defaultConfigurationIsVisible = 0;
			defaultConfigurationName = Release;
		};
		559A06A3120493A7004BBA32 /* Build configuration list for PBXNativeTarget "autogsdoc" */ = {
			isa = XCConfigurationList;
			buildConfigurations = (
				559A06A4120493A7004BBA32 /* Debug */,
				559A06A5120493A7004BBA32 /* Release */,
			);
			defaultConfigurationIsVisible = 0;
			defaultConfigurationName = Release;
		};
		559A06B2120493A8004BBA32 /* Build configuration list for PBXNativeTarget "HTMLLinker" */ = {
			isa = XCConfigurationList;
			buildConfigurations = (
				559A06B3120493A8004BBA32 /* Debug */,
				559A06B4120493A8004BBA32 /* Release */,
			);
			defaultConfigurationIsVisible = 0;
			defaultConfigurationName = Release;
		};
/* End XCConfigurationList section */
	};
	rootObject = 0867D690FE84028FC02AAC07 /* Project object */;
}
